github.com/go-kit/kit v0.12.0 h1:e4o3o3IsBfAKQh5Qbbiqyfu97Ku7jrO/JbohvztANh4=
github.com/go-kit/kit v0.12.0/go.mod h1:lHd+EkCZPIwYItmGDDRdhinkzX2A1sj+M9biaEaizzs=
github.com/go-kit/log v0.2.1 h1:MRVx0/zhvdseW+Gza6N9rVzU/IVzaeE1SFI4raAhmBU=
github.com/go-kit/log v0.2.1/go.mod h1:NwTd00d/i8cPZ3xOwwiv2PO5MOcx78fFErGNcVmBjv0=
github.com/go-logfmt/logfmt v0.5.1 h1:otpy5pqBCBZ1ng9RQ0dPu4PN7ba75Y/aA+UpowDyNVA=
github.com/go-logfmt/logfmt v0.5.1/go.mod h1:WYhtIu8zTZfxdn5+rREduYbwxfcBr/Vr6KEVveWlfTs=
github.com/golang-jwt/jwt v3.2.2+incompatible h1:IfV12K8xAKAnZqdXVzCZ+TOjboZ2keLg81eXfW3O+oY=
github.com/golang-jwt/jwt v3.2.2+incompatible/go.mod h1:8pz2t5EyA70fFQQSrl6XZXzqecmYZeUEB8OUGHkxJ+I=
github.com/google/uuid v1.3.0 h1:t6JiXgmwXMjEs8VusXIJk2BXHsn+wx8BZdTaoZ5fu7I=
github.com/google/uuid v1.3.0/go.mod h1:TIyPZe4MgqvfeYDBFedMoGGpEw/LqOeaOT+nhxU+yHo=
github.com/gorilla/mux v1.8.0 h1:i40aqfkR1h2SlN9hojwV5ZA91wcXFOvkdNIeFDP5koI=
github.com/gorilla/mux v1.8.0/go.mod h1:DVbg23sWSpFRCP0SfiEN6jmj59UnW/n46BH5rLB71So=
github.com/onmetahq/meta-http v0.0.0-20221202102128-715ff9429020 h1:LHsVj0rKUi+qLoNHhL28y/ogk8cZe82+hYyHduGpjxE=
github.com/onmetahq/meta-http v0.0.0-20221202102128-715ff9429020/go.mod h1:pK6NY6qJmsuMqNwFH/Ze6GX88df+IO5JmE79kGgd9gw=
github.com/onmetahq/meta-http v0.0.0-20221205115540-a82765e4805c h1:7Jueew/MZAwhhQmdyMIPDr5LwE/QywOQ3jz+C39MdBA=
github.com/onmetahq/meta-http v0.0.0-20221205115540-a82765e4805c/go.mod h1:pK6NY6qJmsuMqNwFH/Ze6GX88df+IO5JmE79kGgd9gw=
github.com/onmetahq/meta-http v0.0.0-20221207093248-371f6fc25c64 h1:IoGaGpSzstsKgmM/l1qlqFTn78pi3wwE6Tye8wnLf7c=
github.com/onmetahq/meta-http v0.0.0-20221207093248-371f6fc25c64/go.mod h1:EDwtfRpWEVE+ku9xZRRJMCIIRTs9I0qR/pAKGaIWcMA=
github.com/onmetahq/meta-http v0.0.1-alpha h1:euFnMFGf6wckm3YfTzj/nOcb9LAnGr+X77RmYs9V0j0=
github.com/onmetahq/meta-http v0.0.1-alpha/go.mod h1:EDwtfRpWEVE+ku9xZRRJMCIIRTs9I0qR/pAKGaIWcMA=
